
Microsoft Visual Studio Solution File, Format Version 12.00
# Visual Studio 15
VisualStudioVersion = 15.0.27703.2035
MinimumVisualStudioVersion = 10.0.40219.1
Project("{FAE04EC0-301F-11D3-BF4B-00C04F79EFBC}") = "LuanPlatform", "LuanPlatform\LuanPlatform.csproj", "{2755985D-A5C3-465E-8427-C51818655666}"
EndProject
Project("{2150E333-8FDC-42A3-9474-1A3956D46DE8}") = "Solution Items", "Solution Items", "{80811211-A344-4B06-92D3-F6F13718E98B}"
	ProjectSection(SolutionItems) = preProject
		README.md = README.md
	EndProjectSection
EndProject
Project("{FAE04EC0-301F-11D3-BF4B-00C04F79EFBC}") = "LuanUtils", "LuanUtils\LuanUtils.csproj", "{9A832348-4F09-4366-B8EE-6419C6CD99E7}"
EndProject
Project("{FAE04EC0-301F-11D3-BF4B-00C04F79EFBC}") = "LuanEditor", "LuanEditor\LuanEditor.csproj", "{3AEC1B48-F915-4D90-B534-189A6DD14C65}"
EndProject
Project("{FAE04EC0-301F-11D3-BF4B-00C04F79EFBC}") = "LuanCore", "LuanCore\LuanCore.csproj", "{8120FC9E-F961-49C6-A13D-81D3C533E0E7}"
EndProject
Global
	GlobalSection(SolutionConfigurationPlatforms) = preSolution
		Debug|Any CPU = Debug|Any CPU
		Release|Any CPU = Release|Any CPU
	EndGlobalSection
	GlobalSection(ProjectConfigurationPlatforms) = postSolution
		{2755985D-A5C3-465E-8427-C51818655666}.Debug|Any CPU.ActiveCfg = Debug|Any CPU
		{2755985D-A5C3-465E-8427-C51818655666}.Debug|Any CPU.Build.0 = Debug|Any CPU
		{2755985D-A5C3-465E-8427-C51818655666}.Release|Any CPU.ActiveCfg = Release|Any CPU
		{2755985D-A5C3-465E-8427-C51818655666}.Release|Any CPU.Build.0 = Release|Any CPU
		{9A832348-4F09-4366-B8EE-6419C6CD99E7}.Debug|Any CPU.ActiveCfg = Debug|Any CPU
		{9A832348-4F09-4366-B8EE-6419C6CD99E7}.Debug|Any CPU.Build.0 = Debug|Any CPU
		{9A832348-4F09-4366-B8EE-6419C6CD99E7}.Release|Any CPU.ActiveCfg = Release|Any CPU
		{9A832348-4F09-4366-B8EE-6419C6CD99E7}.Release|Any CPU.Build.0 = Release|Any CPU
		{3AEC1B48-F915-4D90-B534-189A6DD14C65}.Debug|Any CPU.ActiveCfg = Debug|Any CPU
		{3AEC1B48-F915-4D90-B534-189A6DD14C65}.Debug|Any CPU.Build.0 = Debug|Any CPU
		{3AEC1B48-F915-4D90-B534-189A6DD14C65}.Release|Any CPU.ActiveCfg = Release|Any CPU
		{3AEC1B48-F915-4D90-B534-189A6DD14C65}.Release|Any CPU.Build.0 = Release|Any CPU
		{8120FC9E-F961-49C6-A13D-81D3C533E0E7}.Debug|Any CPU.ActiveCfg = Debug|Any CPU
		{8120FC9E-F961-49C6-A13D-81D3C533E0E7}.Debug|Any CPU.Build.0 = Debug|Any CPU
		{8120FC9E-F961-49C6-A13D-81D3C533E0E7}.Release|Any CPU.ActiveCfg = Release|Any CPU
		{8120FC9E-F961-49C6-A13D-81D3C533E0E7}.Release|Any CPU.Build.0 = Release|Any CPU
	EndGlobalSection
	GlobalSection(SolutionProperties) = preSolution
		HideSolutionNode = FALSE
	EndGlobalSection
	GlobalSection(ExtensibilityGlobals) = postSolution
		SolutionGuid = {959CD958-7F65-4B71-A870-F8F7C4F678F4}
	EndGlobalSection
EndGlobal
